
Microsoft Visual Studio Solution File, Format Version 12.00
# Visual Studio Version 16
VisualStudioVersion = 16.0.29306.81
MinimumVisualStudioVersion = 10.0.40219.1
Project("{FAE04EC0-301F-11D3-BF4B-00C04F79EFBC}") = "ExcelGenerating_RPCYYH", "ExcelGenerating_RPCYYH\ExcelGenerating_RPCYYH.csproj", "{BFF49A91-1765-4607-978A-99033EFB53D6}"
EndProject
Global
	GlobalSection(SolutionConfigurationPlatforms) = preSolution
		Debug|Any CPU = Debug|Any CPU
		Release|Any CPU = Release|Any CPU
	EndGlobalSection
	GlobalSection(ProjectConfigurationPlatforms) = postSolution
		{BFF49A91-1765-4607-978A-99033EFB53D6}.Debug|Any CPU.ActiveCfg = Debug|Any CPU
		{BFF49A91-1765-4607-978A-99033EFB53D6}.Debug|Any CPU.Build.0 = Debug|Any CPU
		{BFF49A91-1765-4607-978A-99033EFB53D6}.Release|Any CPU.ActiveCfg = Release|Any CPU
		{BFF49A91-1765-4607-978A-99033EFB53D6}.Release|Any CPU.Build.0 = Release|Any CPU
	EndGlobalSection
	GlobalSection(SolutionProperties) = preSolution
		HideSolutionNode = FALSE
	EndGlobalSection
	GlobalSection(ExtensibilityGlobals) = postSolution
		SolutionGuid = {19E51854-80B1-4D8D-8536-B7EED65327D9}
	EndGlobalSection
EndGlobal
